{
    "_readme": [
        "This file locks the dependencies of your project to a known state",
        "Read more about it at https://getcomposer.org/doc/01-basic-usage.md#composer-lock-the-lock-file",
        "This file is @generated automatically"
    ],
    "hash": "03e4de0c4c213806ed4a66d2ff6c2940",
    "content-hash": "dcc9c1bb05d43d8b90806f5783c7b957",
    "packages": [
        {
            "name": "dariuszp/cli-progress-bar",
            "version": "dev-master",
            "source": {
                "type": "git",
                "url": "https://github.com/mathmatrix828/cli-progress-bar.git",
                "reference": "9ed0a6afd41b795b471d0a267c1ec94800ec48f0"
            },
            "dist": {
                "type": "zip",
                "url": "https://api.github.com/repos/mathmatrix828/cli-progress-bar/zipball/9ed0a6afd41b795b471d0a267c1ec94800ec48f0",
                "reference": "9ed0a6afd41b795b471d0a267c1ec94800ec48f0",
                "shasum": ""
            },
            "type": "library",
            "autoload": {
                "psr-4": {
                    "Dariuszp\\": "src/Dariuszp"
                }
            },
            "license": [
                "MIT"
            ],
            "authors": [
                {
                    "name": "Dariusz Półtorak",
                    "email": "poltorak.dariusz@gmail.com"
                },
                {
                    "name": "Mason Phillips",
                    "email": "math.matrix@icloud.com",
                    "role": "Contributor"
                }
            ],
            "description": "Cli progress bar",
            "support": {
                "source": "https://github.com/mathmatrix828/cli-progress-bar/tree/master"
            },
            "time": "2016-09-16 17:55:46"
        }
    ],
    "packages-dev": [],
    "aliases": [],
    "minimum-stability": "dev",
    "stability-flags": [],
    "prefer-stable": false,
    "prefer-lowest": false,
    "platform": [],
    "platform-dev": []
}
