{
    "_readme": [
        "This file locks the dependencies of your project to a known state",
        "Read more about it at https://getcomposer.org/doc/01-basic-usage.md#composer-lock-the-lock-file",
        "This file is @generated automatically"
    ],
    "hash": "5a199a69c4d85cdfa1181fc761b3168a",
    "content-hash": "82ee7afdfef9d9da1034501f4dc3c61a",
    "packages": [
        {
            "name": "dariuszp/cli-progress-bar",
            "version": "1.0.2",
            "source": {
                "type": "git",
                "url": "https://github.com/dariuszp/cli-progress-bar.git",
                "reference": "54020a8fc60bf19579bfe0317f17a2848d48991d"
            },
            "dist": {
                "type": "zip",
                "url": "https://api.github.com/repos/dariuszp/cli-progress-bar/zipball/54020a8fc60bf19579bfe0317f17a2848d48991d",
                "reference": "54020a8fc60bf19579bfe0317f17a2848d48991d",
                "shasum": ""
            },
            "type": "library",
            "autoload": {
                "psr-4": {
                    "Dariuszp\\": "src/Dariuszp"
                }
            },
            "notification-url": "https://packagist.org/downloads/",
            "license": [
                "MIT"
            ],
            "authors": [
                {
                    "name": "Dariusz Półtorak",
                    "email": "poltorak.dariusz@gmail.com"
                }
            ],
            "description": "Cli progress bar",
            "time": "2015-11-02 14:38:59"
        }
    ],
    "packages-dev": [],
    "aliases": [],
    "minimum-stability": "dev",
    "stability-flags": [],
    "prefer-stable": false,
    "prefer-lowest": false,
    "platform": [],
    "platform-dev": []
}
